// !$*UTF8*$!
{
	archiveVersion = 1;
	classes = {
	};
	objectVersion = 56;
	objects = {

/* Begin PBXBuildFile section */
		353A19602B0091BF007EA9A3 /* QiitaArticleViewerApp.swift in Sources */ = {isa = PBXBuildFile; fileRef = 353A195F2B0091BF007EA9A3 /* QiitaArticleViewerApp.swift */; };
		353A19622B0091C0007EA9A3 /* HomeView.swift in Sources */ = {isa = PBXBuildFile; fileRef = 353A19612B0091C0007EA9A3 /* HomeView.swift */; };
		353A19642B0091C2007EA9A3 /* Assets.xcassets in Resources */ = {isa = PBXBuildFile; fileRef = 353A19632B0091C2007EA9A3 /* Assets.xcassets */; };
		353A19672B0091C2007EA9A3 /* Preview Assets.xcassets in Resources */ = {isa = PBXBuildFile; fileRef = 353A19662B0091C2007EA9A3 /* Preview Assets.xcassets */; };
		353A196F2B0092B0007EA9A3 /* AlertToast in Frameworks */ = {isa = PBXBuildFile; productRef = 353A196E2B0092B0007EA9A3 /* AlertToast */; };
		353A19722B0092C9007EA9A3 /* RswiftLibrary in Frameworks */ = {isa = PBXBuildFile; productRef = 353A19712B0092C9007EA9A3 /* RswiftLibrary */; };
		353A19742B0092C9007EA9A3 /* rswift in Frameworks */ = {isa = PBXBuildFile; productRef = 353A19732B0092C9007EA9A3 /* rswift */; };
		353A19852B0093AC007EA9A3 /* Localizable.strings in Resources */ = {isa = PBXBuildFile; fileRef = 353A19842B0093AC007EA9A3 /* Localizable.strings */; };
		353A19872B0093C7007EA9A3 /* View+AlertToast.swift in Sources */ = {isa = PBXBuildFile; fileRef = 353A19862B0093C7007EA9A3 /* View+AlertToast.swift */; };
		353A19892B0093D2007EA9A3 /* View+Spacer.swift in Sources */ = {isa = PBXBuildFile; fileRef = 353A19882B0093D2007EA9A3 /* View+Spacer.swift */; };
		353A198B2B0093DE007EA9A3 /* View+NavigationBackButton.swift in Sources */ = {isa = PBXBuildFile; fileRef = 353A198A2B0093DE007EA9A3 /* View+NavigationBackButton.swift */; };
		353A198D2B0093E8007EA9A3 /* APIService.swift in Sources */ = {isa = PBXBuildFile; fileRef = 353A198C2B0093E8007EA9A3 /* APIService.swift */; };
		353A198F2B0093F0007EA9A3 /* APIRequest.swift in Sources */ = {isa = PBXBuildFile; fileRef = 353A198E2B0093F0007EA9A3 /* APIRequest.swift */; };
		353A19912B009402007EA9A3 /* Article.swift in Sources */ = {isa = PBXBuildFile; fileRef = 353A19902B009402007EA9A3 /* Article.swift */; };
		353A19932B009409007EA9A3 /* User.swift in Sources */ = {isa = PBXBuildFile; fileRef = 353A19922B009409007EA9A3 /* User.swift */; };
		353A19972B00941F007EA9A3 /* Tags.swift in Sources */ = {isa = PBXBuildFile; fileRef = 353A19962B00941F007EA9A3 /* Tags.swift */; };
		353A19992B009428007EA9A3 /* APIError.swift in Sources */ = {isa = PBXBuildFile; fileRef = 353A19982B009428007EA9A3 /* APIError.swift */; };
		353A199B2B009436007EA9A3 /* HomeViewModel.swift in Sources */ = {isa = PBXBuildFile; fileRef = 353A199A2B009436007EA9A3 /* HomeViewModel.swift */; };
		353A199E2B009450007EA9A3 /* TabBar.swift in Sources */ = {isa = PBXBuildFile; fileRef = 353A199D2B009450007EA9A3 /* TabBar.swift */; };
		353A19A22B0096E0007EA9A3 /* WebView.swift in Sources */ = {isa = PBXBuildFile; fileRef = 353A19A12B0096DF007EA9A3 /* WebView.swift */; };
/* End PBXBuildFile section */

/* Begin PBXFileReference section */
		353A195C2B0091BF007EA9A3 /* QiitaArticleViewer.app */ = {isa = PBXFileReference; explicitFileType = wrapper.application; includeInIndex = 0; path = QiitaArticleViewer.app; sourceTree = BUILT_PRODUCTS_DIR; };
		353A195F2B0091BF007EA9A3 /* QiitaArticleViewerApp.swift */ = {isa = PBXFileReference; lastKnownFileType = sourcecode.swift; path = QiitaArticleViewerApp.swift; sourceTree = "<group>"; };
		353A19612B0091C0007EA9A3 /* HomeView.swift */ = {isa = PBXFileReference; lastKnownFileType = sourcecode.swift; path = HomeView.swift; sourceTree = "<group>"; };
		353A19632B0091C2007EA9A3 /* Assets.xcassets */ = {isa = PBXFileReference; lastKnownFileType = folder.assetcatalog; path = Assets.xcassets; sourceTree = "<group>"; };
		353A19662B0091C2007EA9A3 /* Preview Assets.xcassets */ = {isa = PBXFileReference; lastKnownFileType = folder.assetcatalog; path = "Preview Assets.xcassets"; sourceTree = "<group>"; };
		353A19842B0093AC007EA9A3 /* Localizable.strings */ = {isa = PBXFileReference; lastKnownFileType = text.plist.strings; path = Localizable.strings; sourceTree = "<group>"; };
		353A19862B0093C7007EA9A3 /* View+AlertToast.swift */ = {isa = PBXFileReference; lastKnownFileType = sourcecode.swift; path = "View+AlertToast.swift"; sourceTree = "<group>"; };
		353A19882B0093D2007EA9A3 /* View+Spacer.swift */ = {isa = PBXFileReference; lastKnownFileType = sourcecode.swift; path = "View+Spacer.swift"; sourceTree = "<group>"; };
		353A198A2B0093DE007EA9A3 /* View+NavigationBackButton.swift */ = {isa = PBXFileReference; lastKnownFileType = sourcecode.swift; path = "View+NavigationBackButton.swift"; sourceTree = "<group>"; };
		353A198C2B0093E8007EA9A3 /* APIService.swift */ = {isa = PBXFileReference; lastKnownFileType = sourcecode.swift; path = APIService.swift; sourceTree = "<group>"; };
		353A198E2B0093F0007EA9A3 /* APIRequest.swift */ = {isa = PBXFileReference; lastKnownFileType = sourcecode.swift; path = APIRequest.swift; sourceTree = "<group>"; };
		353A19902B009402007EA9A3 /* Article.swift */ = {isa = PBXFileReference; lastKnownFileType = sourcecode.swift; path = Article.swift; sourceTree = "<group>"; };
		353A19922B009409007EA9A3 /* User.swift */ = {isa = PBXFileReference; lastKnownFileType = sourcecode.swift; path = User.swift; sourceTree = "<group>"; };
		353A19962B00941F007EA9A3 /* Tags.swift */ = {isa = PBXFileReference; lastKnownFileType = sourcecode.swift; path = Tags.swift; sourceTree = "<group>"; };
		353A19982B009428007EA9A3 /* APIError.swift */ = {isa = PBXFileReference; lastKnownFileType = sourcecode.swift; path = APIError.swift; sourceTree = "<group>"; };
		353A199A2B009436007EA9A3 /* HomeViewModel.swift */ = {isa = PBXFileReference; lastKnownFileType = sourcecode.swift; path = HomeViewModel.swift; sourceTree = "<group>"; };
		353A199D2B009450007EA9A3 /* TabBar.swift */ = {isa = PBXFileReference; lastKnownFileType = sourcecode.swift; path = TabBar.swift; sourceTree = "<group>"; };
		353A19A12B0096DF007EA9A3 /* WebView.swift */ = {isa = PBXFileReference; lastKnownFileType = sourcecode.swift; path = WebView.swift; sourceTree = "<group>"; };
/* End PBXFileReference section */

/* Begin PBXFrameworksBuildPhase section */
		353A19592B0091BF007EA9A3 /* Frameworks */ = {
			isa = PBXFrameworksBuildPhase;
			buildActionMask = 2147483647;
			files = (
				353A196F2B0092B0007EA9A3 /* AlertToast in Frameworks */,
				353A19722B0092C9007EA9A3 /* RswiftLibrary in Frameworks */,
				353A19742B0092C9007EA9A3 /* rswift in Frameworks */,
			);
			runOnlyForDeploymentPostprocessing = 0;
		};
/* End PBXFrameworksBuildPhase section */

/* Begin PBXGroup section */
		353A19532B0091BF007EA9A3 = {
			isa = PBXGroup;
			children = (
				353A195E2B0091BF007EA9A3 /* QiitaArticleViewer */,
				353A195D2B0091BF007EA9A3 /* Products */,
			);
			sourceTree = "<group>";
		};
		353A195D2B0091BF007EA9A3 /* Products */ = {
			isa = PBXGroup;
			children = (
				353A195C2B0091BF007EA9A3 /* QiitaArticleViewer.app */,
			);
			name = Products;
			sourceTree = "<group>";
		};
		353A195E2B0091BF007EA9A3 /* QiitaArticleViewer */ = {
			isa = PBXGroup;
			children = (
				353A195F2B0091BF007EA9A3 /* QiitaArticleViewerApp.swift */,
				353A19802B009352007EA9A3 /* Resources */,
				353A19812B00935B007EA9A3 /* Extensions */,
				353A197E2B00934D007EA9A3 /* Model */,
				353A197A2B009343007EA9A3 /* View */,
				353A197C2B009348007EA9A3 /* ViewModel */,
				353A19822B009365007EA9A3 /* Network */,
				353A19632B0091C2007EA9A3 /* Assets.xcassets */,
				353A19652B0091C2007EA9A3 /* Preview Content */,
			);
			path = QiitaArticleViewer;
			sourceTree = "<group>";
		};
		353A19652B0091C2007EA9A3 /* Preview Content */ = {
			isa = PBXGroup;
			children = (
				353A19662B0091C2007EA9A3 /* Preview Assets.xcassets */,
			);
			path = "Preview Content";
			sourceTree = "<group>";
		};
		353A197A2B009343007EA9A3 /* View */ = {
			isa = PBXGroup;
			children = (
				353A19612B0091C0007EA9A3 /* HomeView.swift */,
				353A19832B009372007EA9A3 /* Common */,
			);
			path = View;
			sourceTree = "<group>";
		};
		353A197C2B009348007EA9A3 /* ViewModel */ = {
			isa = PBXGroup;
			children = (
				353A199A2B009436007EA9A3 /* HomeViewModel.swift */,
			);
			path = ViewModel;
			sourceTree = "<group>";
		};
		353A197E2B00934D007EA9A3 /* Model */ = {
			isa = PBXGroup;
			children = (
				353A19902B009402007EA9A3 /* Article.swift */,
				353A19922B009409007EA9A3 /* User.swift */,
				353A19962B00941F007EA9A3 /* Tags.swift */,
				353A19982B009428007EA9A3 /* APIError.swift */,
			);
			path = Model;
			sourceTree = "<group>";
		};
		353A19802B009352007EA9A3 /* Resources */ = {
			isa = PBXGroup;
			children = (
				353A19842B0093AC007EA9A3 /* Localizable.strings */,
			);
			path = Resources;
			sourceTree = "<group>";
		};
		353A19812B00935B007EA9A3 /* Extensions */ = {
			isa = PBXGroup;
			children = (
				353A19862B0093C7007EA9A3 /* View+AlertToast.swift */,
				353A19882B0093D2007EA9A3 /* View+Spacer.swift */,
				353A198A2B0093DE007EA9A3 /* View+NavigationBackButton.swift */,
			);
			path = Extensions;
			sourceTree = "<group>";
		};
		353A19822B009365007EA9A3 /* Network */ = {
			isa = PBXGroup;
			children = (
				353A198C2B0093E8007EA9A3 /* APIService.swift */,
				353A198E2B0093F0007EA9A3 /* APIRequest.swift */,
			);
			path = Network;
			sourceTree = "<group>";
		};
		353A19832B009372007EA9A3 /* Common */ = {
			isa = PBXGroup;
			children = (
				353A199D2B009450007EA9A3 /* TabBar.swift */,
				353A19A12B0096DF007EA9A3 /* WebView.swift */,
			);
			path = Common;
			sourceTree = "<group>";
		};
/* End PBXGroup section */

/* Begin PBXNativeTarget section */
		353A195B2B0091BF007EA9A3 /* QiitaArticleViewer */ = {
			isa = PBXNativeTarget;
			buildConfigurationList = 353A196A2B0091C2007EA9A3 /* Build configuration list for PBXNativeTarget "QiitaArticleViewer" */;
			buildPhases = (
				353A19582B0091BF007EA9A3 /* Sources */,
				353A19592B0091BF007EA9A3 /* Frameworks */,
				353A195A2B0091BF007EA9A3 /* Resources */,
			);
			buildRules = (
			);
			dependencies = (
				353A19762B0092D7007EA9A3 /* PBXTargetDependency */,
			);
			name = QiitaArticleViewer;
			packageProductDependencies = (
				353A196E2B0092B0007EA9A3 /* AlertToast */,
				353A19712B0092C9007EA9A3 /* RswiftLibrary */,
				353A19732B0092C9007EA9A3 /* rswift */,
			);
			productName = QiitaArticleViewer;
			productReference = 353A195C2B0091BF007EA9A3 /* QiitaArticleViewer.app */;
			productType = "com.apple.product-type.application";
		};
/* End PBXNativeTarget section */

/* Begin PBXProject section */
		353A19542B0091BF007EA9A3 /* Project object */ = {
			isa = PBXProject;
			attributes = {
				BuildIndependentTargetsInParallel = 1;
				LastSwiftUpdateCheck = 1500;
				LastUpgradeCheck = 1500;
				TargetAttributes = {
					353A195B2B0091BF007EA9A3 = {
						CreatedOnToolsVersion = 15.0.1;
					};
				};
			};
			buildConfigurationList = 353A19572B0091BF007EA9A3 /* Build configuration list for PBXProject "QiitaArticleViewer" */;
			compatibilityVersion = "Xcode 14.0";
			developmentRegion = en;
			hasScannedForEncodings = 0;
			knownRegions = (
				en,
				Base,
			);
			mainGroup = 353A19532B0091BF007EA9A3;
			packageReferences = (
				353A196D2B0092B0007EA9A3 /* XCRemoteSwiftPackageReference "AlertToast" */,
				353A19702B0092C9007EA9A3 /* XCRemoteSwiftPackageReference "R" */,
			);
			productRefGroup = 353A195D2B0091BF007EA9A3 /* Products */;
			projectDirPath = "";
			projectRoot = "";
			targets = (
				353A195B2B0091BF007EA9A3 /* QiitaArticleViewer */,
			);
		};
/* End PBXProject section */

/* Begin PBXResourcesBuildPhase section */
		353A195A2B0091BF007EA9A3 /* Resources */ = {
			isa = PBXResourcesBuildPhase;
			buildActionMask = 2147483647;
			files = (
				353A19672B0091C2007EA9A3 /* Preview Assets.xcassets in Resources */,
				353A19852B0093AC007EA9A3 /* Localizable.strings in Resources */,
				353A19642B0091C2007EA9A3 /* Assets.xcassets in Resources */,
			);
			runOnlyForDeploymentPostprocessing = 0;
		};
/* End PBXResourcesBuildPhase section */

/* Begin PBXSourcesBuildPhase section */
		353A19582B0091BF007EA9A3 /* Sources */ = {
			isa = PBXSourcesBuildPhase;
			buildActionMask = 2147483647;
			files = (
				353A19892B0093D2007EA9A3 /* View+Spacer.swift in Sources */,
				353A198F2B0093F0007EA9A3 /* APIRequest.swift in Sources */,
				353A19872B0093C7007EA9A3 /* View+AlertToast.swift in Sources */,
				353A19622B0091C0007EA9A3 /* HomeView.swift in Sources */,
				353A19912B009402007EA9A3 /* Article.swift in Sources */,
				353A19932B009409007EA9A3 /* User.swift in Sources */,
				353A19602B0091BF007EA9A3 /* QiitaArticleViewerApp.swift in Sources */,
				353A199B2B009436007EA9A3 /* HomeViewModel.swift in Sources */,
				353A198D2B0093E8007EA9A3 /* APIService.swift in Sources */,
				353A199E2B009450007EA9A3 /* TabBar.swift in Sources */,
				353A19972B00941F007EA9A3 /* Tags.swift in Sources */,
				353A198B2B0093DE007EA9A3 /* View+NavigationBackButton.swift in Sources */,
				353A19992B009428007EA9A3 /* APIError.swift in Sources */,
				353A19A22B0096E0007EA9A3 /* WebView.swift in Sources */,
			);
			runOnlyForDeploymentPostprocessing = 0;
		};
/* End PBXSourcesBuildPhase section */

/* Begin PBXTargetDependency section */
		353A19762B0092D7007EA9A3 /* PBXTargetDependency */ = {
			isa = PBXTargetDependency;
			productRef = 353A19752B0092D7007EA9A3 /* RswiftGenerateInternalResources */;
		};
/* End PBXTargetDependency section */

/* Begin XCBuildConfiguration section */
		353A19682B0091C2007EA9A3 /* Debug */ = {
			isa = XCBuildConfiguration;
			buildSettings = {
				ALWAYS_SEARCH_USER_PATHS = NO;
				ASSETCATALOG_COMPILER_GENERATE_SWIFT_ASSET_SYMBOL_EXTENSIONS = YES;
				CLANG_ANALYZER_NONNULL = YES;
				CLANG_ANALYZER_NUMBER_OBJECT_CONVERSION = YES_AGGRESSIVE;
				CLANG_CXX_LANGUAGE_STANDARD = "gnu++20";
				CLANG_ENABLE_MODULES = YES;
				CLANG_ENABLE_OBJC_ARC = YES;
				CLANG_ENABLE_OBJC_WEAK = YES;
				CLANG_WARN_BLOCK_CAPTURE_AUTORELEASING = YES;
				CLANG_WARN_BOOL_CONVERSION = YES;
				CLANG_WARN_COMMA = YES;
				CLANG_WARN_CONSTANT_CONVERSION = YES;
				CLANG_WARN_DEPRECATED_OBJC_IMPLEMENTATIONS = YES;
				CLANG_WARN_DIRECT_OBJC_ISA_USAGE = YES_ERROR;
				CLANG_WARN_DOCUMENTATION_COMMENTS = YES;
				CLANG_WARN_EMPTY_BODY = YES;
				CLANG_WARN_ENUM_CONVERSION = YES;
				CLANG_WARN_INFINITE_RECURSION = YES;
				CLANG_WARN_INT_CONVERSION = YES;
				CLANG_WARN_NON_LITERAL_NULL_CONVERSION = YES;
				CLANG_WARN_OBJC_IMPLICIT_RETAIN_SELF = YES;
				CLANG_WARN_OBJC_LITERAL_CONVERSION = YES;
				CLANG_WARN_OBJC_ROOT_CLASS = YES_ERROR;
				CLANG_WARN_QUOTED_INCLUDE_IN_FRAMEWORK_HEADER = YES;
				CLANG_WARN_RANGE_LOOP_ANALYSIS = YES;
				CLANG_WARN_STRICT_PROTOTYPES = YES;
				CLANG_WARN_SUSPICIOUS_MOVE = YES;
				CLANG_WARN_UNGUARDED_AVAILABILITY = YES_AGGRESSIVE;
				CLANG_WARN_UNREACHABLE_CODE = YES;
				CLANG_WARN__DUPLICATE_METHOD_MATCH = YES;
				COPY_PHASE_STRIP = NO;
				DEBUG_INFORMATION_FORMAT = dwarf;
				ENABLE_STRICT_OBJC_MSGSEND = YES;
				ENABLE_TESTABILITY = YES;
				ENABLE_USER_SCRIPT_SANDBOXING = YES;
				GCC_C_LANGUAGE_STANDARD = gnu17;
				GCC_DYNAMIC_NO_PIC = NO;
				GCC_NO_COMMON_BLOCKS = YES;
				GCC_OPTIMIZATION_LEVEL = 0;
				GCC_PREPROCESSOR_DEFINITIONS = (
					"DEBUG=1",
					"$(inherited)",
				);
				GCC_WARN_64_TO_32_BIT_CONVERSION = YES;
				GCC_WARN_ABOUT_RETURN_TYPE = YES_ERROR;
				GCC_WARN_UNDECLARED_SELECTOR = YES;
				GCC_WARN_UNINITIALIZED_AUTOS = YES_AGGRESSIVE;
				GCC_WARN_UNUSED_FUNCTION = YES;
				GCC_WARN_UNUSED_VARIABLE = YES;
				IPHONEOS_DEPLOYMENT_TARGET = 17.0;
				LOCALIZATION_PREFERS_STRING_CATALOGS = YES;
				MTL_ENABLE_DEBUG_INFO = INCLUDE_SOURCE;
				MTL_FAST_MATH = YES;
				ONLY_ACTIVE_ARCH = YES;
				SDKROOT = iphoneos;
				SWIFT_ACTIVE_COMPILATION_CONDITIONS = "DEBUG $(inherited)";
				SWIFT_OPTIMIZATION_LEVEL = "-Onone";
			};
			name = Debug;
		};
		353A19692B0091C2007EA9A3 /* Release */ = {
			isa = XCBuildConfiguration;
			buildSettings = {
				ALWAYS_SEARCH_USER_PATHS = NO;
				ASSETCATALOG_COMPILER_GENERATE_SWIFT_ASSET_SYMBOL_EXTENSIONS = YES;
				CLANG_ANALYZER_NONNULL = YES;
				CLANG_ANALYZER_NUMBER_OBJECT_CONVERSION = YES_AGGRESSIVE;
				CLANG_CXX_LANGUAGE_STANDARD = "gnu++20";
				CLANG_ENABLE_MODULES = YES;
				CLANG_ENABLE_OBJC_ARC = YES;
				CLANG_ENABLE_OBJC_WEAK = YES;
				CLANG_WARN_BLOCK_CAPTURE_AUTORELEASING = YES;
				CLANG_WARN_BOOL_CONVERSION = YES;
				CLANG_WARN_COMMA = YES;
				CLANG_WARN_CONSTANT_CONVERSION = YES;
				CLANG_WARN_DEPRECATED_OBJC_IMPLEMENTATIONS = YES;
				CLANG_WARN_DIRECT_OBJC_ISA_USAGE = YES_ERROR;
				CLANG_WARN_DOCUMENTATION_COMMENTS = YES;
				CLANG_WARN_EMPTY_BODY = YES;
				CLANG_WARN_ENUM_CONVERSION = YES;
				CLANG_WARN_INFINITE_RECURSION = YES;
				CLANG_WARN_INT_CONVERSION = YES;
				CLANG_WARN_NON_LITERAL_NULL_CONVERSION = YES;
				CLANG_WARN_OBJC_IMPLICIT_RETAIN_SELF = YES;
				CLANG_WARN_OBJC_LITERAL_CONVERSION = YES;
				CLANG_WARN_OBJC_ROOT_CLASS = YES_ERROR;
				CLANG_WARN_QUOTED_INCLUDE_IN_FRAMEWORK_HEADER = YES;
				CLANG_WARN_RANGE_LOOP_ANALYSIS = YES;
				CLANG_WARN_STRICT_PROTOTYPES = YES;
				CLANG_WARN_SUSPICIOUS_MOVE = YES;
				CLANG_WARN_UNGUARDED_AVAILABILITY = YES_AGGRESSIVE;
				CLANG_WARN_UNREACHABLE_CODE = YES;
				CLANG_WARN__DUPLICATE_METHOD_MATCH = YES;
				COPY_PHASE_STRIP = NO;
				DEBUG_INFORMATION_FORMAT = "dwarf-with-dsym";
				ENABLE_NS_ASSERTIONS = NO;
				ENABLE_STRICT_OBJC_MSGSEND = YES;
				ENABLE_USER_SCRIPT_SANDBOXING = YES;
				GCC_C_LANGUAGE_STANDARD = gnu17;
				GCC_NO_COMMON_BLOCKS = YES;
				GCC_WARN_64_TO_32_BIT_CONVERSION = YES;
				GCC_WARN_ABOUT_RETURN_TYPE = YES_ERROR;
				GCC_WARN_UNDECLARED_SELECTOR = YES;
				GCC_WARN_UNINITIALIZED_AUTOS = YES_AGGRESSIVE;
				GCC_WARN_UNUSED_FUNCTION = YES;
				GCC_WARN_UNUSED_VARIABLE = YES;
				IPHONEOS_DEPLOYMENT_TARGET = 17.0;
				LOCALIZATION_PREFERS_STRING_CATALOGS = YES;
				MTL_ENABLE_DEBUG_INFO = NO;
				MTL_FAST_MATH = YES;
				SDKROOT = iphoneos;
				SWIFT_COMPILATION_MODE = wholemodule;
				VALIDATE_PRODUCT = YES;
			};
			name = Release;
		};
		353A196B2B0091C2007EA9A3 /* Debug */ = {
			isa = XCBuildConfiguration;
			buildSettings = {
				ASSETCATALOG_COMPILER_APPICON_NAME = AppIcon;
				ASSETCATALOG_COMPILER_GLOBAL_ACCENT_COLOR_NAME = AccentColor;
				CODE_SIGN_STYLE = Automatic;
				CURRENT_PROJECT_VERSION = 1;
				DEVELOPMENT_ASSET_PATHS = "\"QiitaArticleViewer/Preview Content\"";
				DEVELOPMENT_TEAM = T83P7K7X6G;
				ENABLE_PREVIEWS = YES;
				GENERATE_INFOPLIST_FILE = YES;
				INFOPLIST_KEY_UIApplicationSceneManifest_Generation = YES;
				INFOPLIST_KEY_UIApplicationSupportsIndirectInputEvents = YES;
				INFOPLIST_KEY_UILaunchScreen_Generation = YES;
				INFOPLIST_KEY_UISupportedInterfaceOrientations_iPad = "UIInterfaceOrientationPortrait UIInterfaceOrientationPortraitUpsideDown UIInterfaceOrientationLandscapeLeft UIInterfaceOrientationLandscapeRight";
				INFOPLIST_KEY_UISupportedInterfaceOrientations_iPhone = "UIInterfaceOrientationPortrait UIInterfaceOrientationLandscapeLeft UIInterfaceOrientationLandscapeRight";
				LD_RUNPATH_SEARCH_PATHS = (
					"$(inherited)",
					"@executable_path/Frameworks",
				);
				MARKETING_VERSION = 1.0;
				PRODUCT_BUNDLE_IDENTIFIER = com.shonbeno.QiitaArticleViewer;
				PRODUCT_NAME = "$(TARGET_NAME)";
				SWIFT_EMIT_LOC_STRINGS = YES;
				SWIFT_VERSION = 5.0;
				TARGETED_DEVICE_FAMILY = "1,2";
			};
			name = Debug;
		};
		353A196C2B0091C2007EA9A3 /* Release */ = {
			isa = XCBuildConfiguration;
			buildSettings = {
				ASSETCATALOG_COMPILER_APPICON_NAME = AppIcon;
				ASSETCATALOG_COMPILER_GLOBAL_ACCENT_COLOR_NAME = AccentColor;
				CODE_SIGN_STYLE = Automatic;
				CURRENT_PROJECT_VERSION = 1;
				DEVELOPMENT_ASSET_PATHS = "\"QiitaArticleViewer/Preview Content\"";
				DEVELOPMENT_TEAM = T83P7K7X6G;
				ENABLE_PREVIEWS = YES;
				GENERATE_INFOPLIST_FILE = YES;
				INFOPLIST_KEY_UIApplicationSceneManifest_Generation = YES;
				INFOPLIST_KEY_UIApplicationSupportsIndirectInputEvents = YES;
				INFOPLIST_KEY_UILaunchScreen_Generation = YES;
				INFOPLIST_KEY_UISupportedInterfaceOrientations_iPad = "UIInterfaceOrientationPortrait UIInterfaceOrientationPortraitUpsideDown UIInterfaceOrientationLandscapeLeft UIInterfaceOrientationLandscapeRight";
				INFOPLIST_KEY_UISupportedInterfaceOrientations_iPhone = "UIInterfaceOrientationPortrait UIInterfaceOrientationLandscapeLeft UIInterfaceOrientationLandscapeRight";
				LD_RUNPATH_SEARCH_PATHS = (
					"$(inherited)",
					"@executable_path/Frameworks",
				);
				MARKETING_VERSION = 1.0;
				PRODUCT_BUNDLE_IDENTIFIER = com.shonbeno.QiitaArticleViewer;
				PRODUCT_NAME = "$(TARGET_NAME)";
				SWIFT_EMIT_LOC_STRINGS = YES;
				SWIFT_VERSION = 5.0;
				TARGETED_DEVICE_FAMILY = "1,2";
			};
			name = Release;
		};
/* End XCBuildConfiguration section */

/* Begin XCConfigurationList section */
		353A19572B0091BF007EA9A3 /* Build configuration list for PBXProject "QiitaArticleViewer" */ = {
			isa = XCConfigurationList;
			buildConfigurations = (
				353A19682B0091C2007EA9A3 /* Debug */,
				353A19692B0091C2007EA9A3 /* Release */,
			);
			defaultConfigurationIsVisible = 0;
			defaultConfigurationName = Release;
		};
		353A196A2B0091C2007EA9A3 /* Build configuration list for PBXNativeTarget "QiitaArticleViewer" */ = {
			isa = XCConfigurationList;
			buildConfigurations = (
				353A196B2B0091C2007EA9A3 /* Debug */,
				353A196C2B0091C2007EA9A3 /* Release */,
			);
			defaultConfigurationIsVisible = 0;
			defaultConfigurationName = Release;
		};
/* End XCConfigurationList section */

/* Begin XCRemoteSwiftPackageReference section */
		353A196D2B0092B0007EA9A3 /* XCRemoteSwiftPackageReference "AlertToast" */ = {
			isa = XCRemoteSwiftPackageReference;
			repositoryURL = "https://github.com/elai950/AlertToast.git";
			requirement = {
				kind = upToNextMajorVersion;
				minimumVersion = 1.3.9;
			};
		};
		353A19702B0092C9007EA9A3 /* XCRemoteSwiftPackageReference "R" */ = {
			isa = XCRemoteSwiftPackageReference;
			repositoryURL = "https://github.com/mac-cain13/R.swift";
			requirement = {
				kind = upToNextMajorVersion;
				minimumVersion = 7.4.0;
			};
		};
/* End XCRemoteSwiftPackageReference section */

/* Begin XCSwiftPackageProductDependency section */
		353A196E2B0092B0007EA9A3 /* AlertToast */ = {
			isa = XCSwiftPackageProductDependency;
			package = 353A196D2B0092B0007EA9A3 /* XCRemoteSwiftPackageReference "AlertToast" */;
			productName = AlertToast;
		};
		353A19712B0092C9007EA9A3 /* RswiftLibrary */ = {
			isa = XCSwiftPackageProductDependency;
			package = 353A19702B0092C9007EA9A3 /* XCRemoteSwiftPackageReference "R" */;
			productName = RswiftLibrary;
		};
		353A19732B0092C9007EA9A3 /* rswift */ = {
			isa = XCSwiftPackageProductDependency;
			package = 353A19702B0092C9007EA9A3 /* XCRemoteSwiftPackageReference "R" */;
			productName = rswift;
		};
		353A19752B0092D7007EA9A3 /* RswiftGenerateInternalResources */ = {
			isa = XCSwiftPackageProductDependency;
			productName = "plugin:RswiftGenerateInternalResources";
		};
/* End XCSwiftPackageProductDependency section */
	};
	rootObject = 353A19542B0091BF007EA9A3 /* Project object */;
}
